// !$*UTF8*$!
{
	archiveVersion = 1;
	classes = {
	};
	objectVersion = 46;
	objects = {

/* Begin PBXBuildFile section */
		CFAB65E5145D829E0060D387 /* Default-Portrait~ipad.png in Resources */ = {isa = PBXBuildFile; fileRef = CFAB65E4145D829E0060D387 /* Default-Portrait~ipad.png */; };
		CFAB65E8145D940F0060D387 /* Default-Landscape.png in Resources */ = {isa = PBXBuildFile; fileRef = CFAB65E6145D940F0060D387 /* Default-Landscape.png */; };
		CFAB65E9145D940F0060D387 /* Default-Portrait.png in Resources */ = {isa = PBXBuildFile; fileRef = CFAB65E7145D940F0060D387 /* Default-Portrait.png */; };
		CFAB65EB145D94360060D387 /* Default-Landscape~ipad.png in Resources */ = {isa = PBXBuildFile; fileRef = CFAB65EA145D94360060D387 /* Default-Landscape~ipad.png */; };
		CFB9DDD21455F71300BAE951 /* Foundation.framework in Frameworks */ = {isa = PBXBuildFile; fileRef = CFB9DDD11455F71300BAE951 /* Foundation.framework */; };
		CFB9DDD41455F71300BAE951 /* UIKit.framework in Frameworks */ = {isa = PBXBuildFile; fileRef = CFB9DDD31455F71300BAE951 /* UIKit.framework */; };
		CFB9DDD61455F71300BAE951 /* CoreGraphics.framework in Frameworks */ = {isa = PBXBuildFile; fileRef = CFB9DDD51455F71300BAE951 /* CoreGraphics.framework */; };
		CFB9DDD81455F71300BAE951 /* AddressBook.framework in Frameworks */ = {isa = PBXBuildFile; fileRef = CFB9DDD71455F71300BAE951 /* AddressBook.framework */; };
		CFB9DDDA1455F71300BAE951 /* AddressBookUI.framework in Frameworks */ = {isa = PBXBuildFile; fileRef = CFB9DDD91455F71300BAE951 /* AddressBookUI.framework */; };
		CFB9DDDC1455F71300BAE951 /* AudioToolbox.framework in Frameworks */ = {isa = PBXBuildFile; fileRef = CFB9DDDB1455F71300BAE951 /* AudioToolbox.framework */; };
		CFB9DDDE1455F71300BAE951 /* AVFoundation.framework in Frameworks */ = {isa = PBXBuildFile; fileRef = CFB9DDDD1455F71300BAE951 /* AVFoundation.framework */; };
		CFB9DDE01455F71300BAE951 /* CoreLocation.framework in Frameworks */ = {isa = PBXBuildFile; fileRef = CFB9DDDF1455F71300BAE951 /* CoreLocation.framework */; };
		CFB9DDE21455F71300BAE951 /* MediaPlayer.framework in Frameworks */ = {isa = PBXBuildFile; fileRef = CFB9DDE11455F71300BAE951 /* MediaPlayer.framework */; };
		CFB9DDE41455F71300BAE951 /* QuartzCore.framework in Frameworks */ = {isa = PBXBuildFile; fileRef = CFB9DDE31455F71300BAE951 /* QuartzCore.framework */; };
		CFB9DDE61455F71300BAE951 /* SystemConfiguration.framework in Frameworks */ = {isa = PBXBuildFile; fileRef = CFB9DDE51455F71300BAE951 /* SystemConfiguration.framework */; };
		CFB9DDE81455F71300BAE951 /* MobileCoreServices.framework in Frameworks */ = {isa = PBXBuildFile; fileRef = CFB9DDE71455F71300BAE951 /* MobileCoreServices.framework */; };
		CFB9DDEA1455F71300BAE951 /* CoreMedia.framework in Frameworks */ = {isa = PBXBuildFile; fileRef = CFB9DDE91455F71300BAE951 /* CoreMedia.framework */; };
		CFB9DDF01455F71400BAE951 /* InfoPlist.strings in Resources */ = {isa = PBXBuildFile; fileRef = CFB9DDEE1455F71400BAE951 /* InfoPlist.strings */; };
		CFB9DDF21455F71400BAE951 /* main.m in Sources */ = {isa = PBXBuildFile; fileRef = CFB9DDF11455F71400BAE951 /* main.m */; settings = {COMPILER_FLAGS = "-fno-objc-arc"; }; };
		CFB9DDF51455F71400BAE951 /* PhoneGap.framework in Frameworks */ = {isa = PBXBuildFile; fileRef = CFB9DDF41455F71400BAE951 /* PhoneGap.framework */; };
		CFB9DDFA1455F71400BAE951 /* Localizable.strings in Resources */ = {isa = PBXBuildFile; fileRef = CFB9DDF81455F71400BAE951 /* Localizable.strings */; };
		CFB9DDFE1455F71400BAE951 /* Localizable.strings in Resources */ = {isa = PBXBuildFile; fileRef = CFB9DDFC1455F71400BAE951 /* Localizable.strings */; };
		CFB9DE011455F71400BAE951 /* icon.png in Resources */ = {isa = PBXBuildFile; fileRef = CFB9DE001455F71400BAE951 /* icon.png */; };
		CFB9DE031455F71400BAE951 /* icon@2x.png in Resources */ = {isa = PBXBuildFile; fileRef = CFB9DE021455F71400BAE951 /* icon@2x.png */; };
		CFB9DE051455F71400BAE951 /* icon-72.png in Resources */ = {isa = PBXBuildFile; fileRef = CFB9DE041455F71400BAE951 /* icon-72.png */; };
		CFB9DE081455F71400BAE951 /* Default.png in Resources */ = {isa = PBXBuildFile; fileRef = CFB9DE071455F71400BAE951 /* Default.png */; };
		CFB9DE0A1455F71400BAE951 /* Default@2x.png in Resources */ = {isa = PBXBuildFile; fileRef = CFB9DE091455F71400BAE951 /* Default@2x.png */; };
		CFB9DE0C1455F71400BAE951 /* Capture.bundle in Resources */ = {isa = PBXBuildFile; fileRef = CFB9DE0B1455F71400BAE951 /* Capture.bundle */; };
		CFB9DE0E1455F71400BAE951 /* PhoneGap.plist in Resources */ = {isa = PBXBuildFile; fileRef = CFB9DE0D1455F71400BAE951 /* PhoneGap.plist */; };
		CFB9DE121455F71400BAE951 /* AppDelegate.m in Sources */ = {isa = PBXBuildFile; fileRef = CFB9DE111455F71400BAE951 /* AppDelegate.m */; settings = {COMPILER_FLAGS = "-fno-objc-arc"; }; };
		CFB9DE251455FDC100BAE951 /* www in Resources */ = {isa = PBXBuildFile; fileRef = CFB9DE241455FDC100BAE951 /* www */; };
		CFB9DE4D145616BB00BAE951 /* ObjectiveGit in Frameworks */ = {isa = PBXBuildFile; fileRef = CFB9DE461456167C00BAE951 /* ObjectiveGit */; };
/* End PBXBuildFile section */

/* Begin PBXContainerItemProxy section */
		CFB9DE411456167C00BAE951 /* PBXContainerItemProxy */ = {
			isa = PBXContainerItemProxy;
			containerPortal = CFB9DE321456167B00BAE951 /* ObjectiveGitFramework.xcodeproj */;
			proxyType = 2;
			remoteGlobalIDString = 8DC2EF5B0486A6940098B216;
			remoteInfo = ObjectiveGit;
		};
		CFB9DE431456167C00BAE951 /* PBXContainerItemProxy */ = {
			isa = PBXContainerItemProxy;
			containerPortal = CFB9DE321456167B00BAE951 /* ObjectiveGitFramework.xcodeproj */;
			proxyType = 2;
			remoteGlobalIDString = BDD8AEDF1313311100CB5D40;
			remoteInfo = Tests;
		};
		CFB9DE451456167C00BAE951 /* PBXContainerItemProxy */ = {
			isa = PBXContainerItemProxy;
			containerPortal = CFB9DE321456167B00BAE951 /* ObjectiveGitFramework.xcodeproj */;
			proxyType = 2;
			remoteGlobalIDString = 04DB4645133AB57600D9C624;
			remoteInfo = "ObjectiveGit-iOS";
		};
		CFB9DE471456167C00BAE951 /* PBXContainerItemProxy */ = {
			isa = PBXContainerItemProxy;
			containerPortal = CFB9DE321456167B00BAE951 /* ObjectiveGitFramework.xcodeproj */;
			proxyType = 2;
			remoteGlobalIDString = BDD9C3D5133BA556003708E7;
			remoteInfo = "Tests-iOS";
		};
		CFB9DE491456167C00BAE951 /* PBXContainerItemProxy */ = {
			isa = PBXContainerItemProxy;
			containerPortal = CFB9DE321456167B00BAE951 /* ObjectiveGitFramework.xcodeproj */;
			proxyType = 2;
			remoteGlobalIDString = DDB97BA9141C90F60001F17A;
			remoteInfo = "libgit2-ios";
		};
		CFB9DE4B1456167C00BAE951 /* PBXContainerItemProxy */ = {
			isa = PBXContainerItemProxy;
			containerPortal = CFB9DE321456167B00BAE951 /* ObjectiveGitFramework.xcodeproj */;
			proxyType = 2;
			remoteGlobalIDString = DD5695E7141C934800E1B1CA;
			remoteInfo = libgit2;
		};
/* End PBXContainerItemProxy section */

/* Begin PBXFileReference section */
		CFAB65E4145D829E0060D387 /* Default-Portrait~ipad.png */ = {isa = PBXFileReference; lastKnownFileType = image.png; name = "Default-Portrait~ipad.png"; path = "GitHub Write-Up/Resources/splash/Default-Portrait~ipad.png"; sourceTree = "<group>"; };
		CFAB65E6145D940F0060D387 /* Default-Landscape.png */ = {isa = PBXFileReference; lastKnownFileType = image.png; name = "Default-Landscape.png"; path = "GitHub Write-Up/Resources/splash/Default-Landscape.png"; sourceTree = "<group>"; };
		CFAB65E7145D940F0060D387 /* Default-Portrait.png */ = {isa = PBXFileReference; lastKnownFileType = image.png; name = "Default-Portrait.png"; path = "GitHub Write-Up/Resources/splash/Default-Portrait.png"; sourceTree = "<group>"; };
		CFAB65EA145D94360060D387 /* Default-Landscape~ipad.png */ = {isa = PBXFileReference; lastKnownFileType = image.png; name = "Default-Landscape~ipad.png"; path = "GitHub Write-Up/Resources/splash/Default-Landscape~ipad.png"; sourceTree = "<group>"; };
		CFB9DDCD1455F71300BAE951 /* GitHub Write-Up.app */ = {isa = PBXFileReference; explicitFileType = wrapper.application; includeInIndex = 0; path = "GitHub Write-Up.app"; sourceTree = BUILT_PRODUCTS_DIR; };
		CFB9DDD11455F71300BAE951 /* Foundation.framework */ = {isa = PBXFileReference; lastKnownFileType = wrapper.framework; name = Foundation.framework; path = System/Library/Frameworks/Foundation.framework; sourceTree = SDKROOT; };
		CFB9DDD31455F71300BAE951 /* UIKit.framework */ = {isa = PBXFileReference; lastKnownFileType = wrapper.framework; name = UIKit.framework; path = System/Library/Frameworks/UIKit.framework; sourceTree = SDKROOT; };
		CFB9DDD51455F71300BAE951 /* CoreGraphics.framework */ = {isa = PBXFileReference; lastKnownFileType = wrapper.framework; name = CoreGraphics.framework; path = System/Library/Frameworks/CoreGraphics.framework; sourceTree = SDKROOT; };
		CFB9DDD71455F71300BAE951 /* AddressBook.framework */ = {isa = PBXFileReference; lastKnownFileType = wrapper.framework; name = AddressBook.framework; path = System/Library/Frameworks/AddressBook.framework; sourceTree = SDKROOT; };
		CFB9DDD91455F71300BAE951 /* AddressBookUI.framework */ = {isa = PBXFileReference; lastKnownFileType = wrapper.framework; name = AddressBookUI.framework; path = System/Library/Frameworks/AddressBookUI.framework; sourceTree = SDKROOT; };
		CFB9DDDB1455F71300BAE951 /* AudioToolbox.framework */ = {isa = PBXFileReference; lastKnownFileType = wrapper.framework; name = AudioToolbox.framework; path = System/Library/Frameworks/AudioToolbox.framework; sourceTree = SDKROOT; };
		CFB9DDDD1455F71300BAE951 /* AVFoundation.framework */ = {isa = PBXFileReference; lastKnownFileType = wrapper.framework; name = AVFoundation.framework; path = System/Library/Frameworks/AVFoundation.framework; sourceTree = SDKROOT; };
		CFB9DDDF1455F71300BAE951 /* CoreLocation.framework */ = {isa = PBXFileReference; lastKnownFileType = wrapper.framework; name = CoreLocation.framework; path = System/Library/Frameworks/CoreLocation.framework; sourceTree = SDKROOT; };
		CFB9DDE11455F71300BAE951 /* MediaPlayer.framework */ = {isa = PBXFileReference; lastKnownFileType = wrapper.framework; name = MediaPlayer.framework; path = System/Library/Frameworks/MediaPlayer.framework; sourceTree = SDKROOT; };
		CFB9DDE31455F71300BAE951 /* QuartzCore.framework */ = {isa = PBXFileReference; lastKnownFileType = wrapper.framework; name = QuartzCore.framework; path = System/Library/Frameworks/QuartzCore.framework; sourceTree = SDKROOT; };
		CFB9DDE51455F71300BAE951 /* SystemConfiguration.framework */ = {isa = PBXFileReference; lastKnownFileType = wrapper.framework; name = SystemConfiguration.framework; path = System/Library/Frameworks/SystemConfiguration.framework; sourceTree = SDKROOT; };
		CFB9DDE71455F71300BAE951 /* MobileCoreServices.framework */ = {isa = PBXFileReference; lastKnownFileType = wrapper.framework; name = MobileCoreServices.framework; path = System/Library/Frameworks/MobileCoreServices.framework; sourceTree = SDKROOT; };
		CFB9DDE91455F71300BAE951 /* CoreMedia.framework */ = {isa = PBXFileReference; lastKnownFileType = wrapper.framework; name = CoreMedia.framework; path = System/Library/Frameworks/CoreMedia.framework; sourceTree = SDKROOT; };
		CFB9DDED1455F71400BAE951 /* GitHub Write-Up-Info.plist */ = {isa = PBXFileReference; lastKnownFileType = text.plist.xml; path = "GitHub Write-Up-Info.plist"; sourceTree = "<group>"; };
		CFB9DDEF1455F71400BAE951 /* en */ = {isa = PBXFileReference; lastKnownFileType = text.plist.strings; name = en; path = en.lproj/InfoPlist.strings; sourceTree = "<group>"; };
		CFB9DDF11455F71400BAE951 /* main.m */ = {isa = PBXFileReference; lastKnownFileType = sourcecode.c.objc; path = main.m; sourceTree = "<group>"; };
		CFB9DDF31455F71400BAE951 /* GitHub Write-Up-Prefix.pch */ = {isa = PBXFileReference; lastKnownFileType = sourcecode.c.h; path = "GitHub Write-Up-Prefix.pch"; sourceTree = "<group>"; };
		CFB9DDF41455F71400BAE951 /* PhoneGap.framework */ = {isa = PBXFileReference; lastKnownFileType = wrapper.framework; name = PhoneGap.framework; path = /Users/Shared/PhoneGap/Frameworks/PhoneGap.framework; sourceTree = "<absolute>"; };
		CFB9DDF91455F71400BAE951 /* en */ = {isa = PBXFileReference; lastKnownFileType = text.plist.strings; name = en; path = Resources/en.lproj/Localizable.strings; sourceTree = "<group>"; };
		CFB9DDFD1455F71400BAE951 /* es */ = {isa = PBXFileReference; lastKnownFileType = text.plist.strings; name = es; path = Resources/es.lproj/Localizable.strings; sourceTree = "<group>"; };
		CFB9DE001455F71400BAE951 /* icon.png */ = {isa = PBXFileReference; lastKnownFileType = image.png; name = icon.png; path = Resources/icons/icon.png; sourceTree = "<group>"; };
		CFB9DE021455F71400BAE951 /* icon@2x.png */ = {isa = PBXFileReference; lastKnownFileType = image.png; name = "icon@2x.png"; path = "Resources/icons/icon@2x.png"; sourceTree = "<group>"; };
		CFB9DE041455F71400BAE951 /* icon-72.png */ = {isa = PBXFileReference; lastKnownFileType = image.png; name = "icon-72.png"; path = "Resources/icons/icon-72.png"; sourceTree = "<group>"; };
		CFB9DE071455F71400BAE951 /* Default.png */ = {isa = PBXFileReference; lastKnownFileType = image.png; name = Default.png; path = Resources/splash/Default.png; sourceTree = "<group>"; };
		CFB9DE091455F71400BAE951 /* Default@2x.png */ = {isa = PBXFileReference; lastKnownFileType = image.png; name = "Default@2x.png"; path = "Resources/splash/Default@2x.png"; sourceTree = "<group>"; };
		CFB9DE0B1455F71400BAE951 /* Capture.bundle */ = {isa = PBXFileReference; lastKnownFileType = "wrapper.plug-in"; name = Capture.bundle; path = Resources/Capture.bundle; sourceTree = "<group>"; };
		CFB9DE0D1455F71400BAE951 /* PhoneGap.plist */ = {isa = PBXFileReference; lastKnownFileType = text.plist.xml; path = PhoneGap.plist; sourceTree = "<group>"; };
		CFB9DE101455F71400BAE951 /* AppDelegate.h */ = {isa = PBXFileReference; lastKnownFileType = sourcecode.c.h; name = AppDelegate.h; path = Classes/AppDelegate.h; sourceTree = "<group>"; };
		CFB9DE111455F71400BAE951 /* AppDelegate.m */ = {isa = PBXFileReference; lastKnownFileType = sourcecode.c.objc; name = AppDelegate.m; path = Classes/AppDelegate.m; sourceTree = "<group>"; };
		CFB9DE141455F71400BAE951 /* README */ = {isa = PBXFileReference; lastKnownFileType = text; name = README; path = Plugins/README; sourceTree = "<group>"; };
		CFB9DE241455FDC100BAE951 /* www */ = {isa = PBXFileReference; lastKnownFileType = folder; path = www; sourceTree = "<group>"; };
		CFB9DE271456118600BAE951 /* Rough.png */ = {isa = PBXFileReference; lastKnownFileType = image.png; name = Rough.png; path = Resources/splash/Rough.png; sourceTree = "<group>"; };
		CFB9DE321456167B00BAE951 /* ObjectiveGitFramework.xcodeproj */ = {isa = PBXFileReference; lastKnownFileType = "wrapper.pb-project"; name = ObjectiveGitFramework.xcodeproj; path = "../objective-git/ObjectiveGitFramework.xcodeproj"; sourceTree = "<group>"; };
		CFB9DE4E1457311E00BAE951 /* iPadDefault.png */ = {isa = PBXFileReference; lastKnownFileType = image.png; name = iPadDefault.png; path = Resources/splash/iPadDefault.png; sourceTree = "<group>"; };
/* End PBXFileReference section */

/* Begin PBXFrameworksBuildPhase section */
		CFB9DDC71455F71300BAE951 /* Frameworks */ = {
			isa = PBXFrameworksBuildPhase;
			buildActionMask = 2147483647;
			files = (
				CFB9DE4D145616BB00BAE951 /* ObjectiveGit in Frameworks */,
				CFB9DDD21455F71300BAE951 /* Foundation.framework in Frameworks */,
				CFB9DDD41455F71300BAE951 /* UIKit.framework in Frameworks */,
				CFB9DDD61455F71300BAE951 /* CoreGraphics.framework in Frameworks */,
				CFB9DDD81455F71300BAE951 /* AddressBook.framework in Frameworks */,
				CFB9DDDA1455F71300BAE951 /* AddressBookUI.framework in Frameworks */,
				CFB9DDDC1455F71300BAE951 /* AudioToolbox.framework in Frameworks */,
				CFB9DDDE1455F71300BAE951 /* AVFoundation.framework in Frameworks */,
				CFB9DDE01455F71300BAE951 /* CoreLocation.framework in Frameworks */,
				CFB9DDE21455F71300BAE951 /* MediaPlayer.framework in Frameworks */,
				CFB9DDE41455F71300BAE951 /* QuartzCore.framework in Frameworks */,
				CFB9DDE61455F71300BAE951 /* SystemConfiguration.framework in Frameworks */,
				CFB9DDE81455F71300BAE951 /* MobileCoreServices.framework in Frameworks */,
				CFB9DDEA1455F71300BAE951 /* CoreMedia.framework in Frameworks */,
				CFB9DDF51455F71400BAE951 /* PhoneGap.framework in Frameworks */,
			);
			runOnlyForDeploymentPostprocessing = 0;
		};
		CFB9DDCA1455F71300BAE951 /* Frameworks */ = {
			isa = PBXFrameworksBuildPhase;
			buildActionMask = 2147483647;
			files = (
			);
			runOnlyForDeploymentPostprocessing = 0;
		};
/* End PBXFrameworksBuildPhase section */

/* Begin PBXGroup section */
		CFB9DDBF1455F71300BAE951 = {
			isa = PBXGroup;
			children = (
				CFAB65EA145D94360060D387 /* Default-Landscape~ipad.png */,
				CFAB65E6145D940F0060D387 /* Default-Landscape.png */,
				CFAB65E7145D940F0060D387 /* Default-Portrait.png */,
				CFAB65E4145D829E0060D387 /* Default-Portrait~ipad.png */,
				CFB9DE321456167B00BAE951 /* ObjectiveGitFramework.xcodeproj */,
				CFB9DE241455FDC100BAE951 /* www */,
				CFB9DDEB1455F71300BAE951 /* GitHub Write-Up */,
				CFB9DDD01455F71300BAE951 /* Frameworks */,
				CFB9DDCE1455F71300BAE951 /* Products */,
			);
			sourceTree = "<group>";
		};
		CFB9DDCE1455F71300BAE951 /* Products */ = {
			isa = PBXGroup;
			children = (
				CFB9DDCD1455F71300BAE951 /* GitHub Write-Up.app */,
			);
			name = Products;
			sourceTree = "<group>";
		};
		CFB9DDD01455F71300BAE951 /* Frameworks */ = {
			isa = PBXGroup;
			children = (
				CFB9DDD11455F71300BAE951 /* Foundation.framework */,
				CFB9DDD31455F71300BAE951 /* UIKit.framework */,
				CFB9DDD51455F71300BAE951 /* CoreGraphics.framework */,
				CFB9DDD71455F71300BAE951 /* AddressBook.framework */,
				CFB9DDD91455F71300BAE951 /* AddressBookUI.framework */,
				CFB9DDDB1455F71300BAE951 /* AudioToolbox.framework */,
				CFB9DDDD1455F71300BAE951 /* AVFoundation.framework */,
				CFB9DDDF1455F71300BAE951 /* CoreLocation.framework */,
				CFB9DDE11455F71300BAE951 /* MediaPlayer.framework */,
				CFB9DDE31455F71300BAE951 /* QuartzCore.framework */,
				CFB9DDE51455F71300BAE951 /* SystemConfiguration.framework */,
				CFB9DDE71455F71300BAE951 /* MobileCoreServices.framework */,
				CFB9DDE91455F71300BAE951 /* CoreMedia.framework */,
			);
			name = Frameworks;
			sourceTree = "<group>";
		};
		CFB9DDEB1455F71300BAE951 /* GitHub Write-Up */ = {
			isa = PBXGroup;
			children = (
				CFB9DDF41455F71400BAE951 /* PhoneGap.framework */,
				CFB9DDF61455F71400BAE951 /* Resources */,
				CFB9DE0F1455F71400BAE951 /* Classes */,
				CFB9DE131455F71400BAE951 /* Plugins */,
				CFB9DDEC1455F71400BAE951 /* Supporting Files */,
			);
			path = "GitHub Write-Up";
			sourceTree = "<group>";
		};
		CFB9DDEC1455F71400BAE951 /* Supporting Files */ = {
			isa = PBXGroup;
			children = (
				CFB9DDED1455F71400BAE951 /* GitHub Write-Up-Info.plist */,
				CFB9DDEE1455F71400BAE951 /* InfoPlist.strings */,
				CFB9DDF11455F71400BAE951 /* main.m */,
				CFB9DDF31455F71400BAE951 /* GitHub Write-Up-Prefix.pch */,
				CFB9DE0D1455F71400BAE951 /* PhoneGap.plist */,
			);
			name = "Supporting Files";
			sourceTree = "<group>";
		};
		CFB9DDF61455F71400BAE951 /* Resources */ = {
			isa = PBXGroup;
			children = (
				CFB9DE0B1455F71400BAE951 /* Capture.bundle */,
				CFB9DDF71455F71400BAE951 /* en.lproj */,
				CFB9DDFB1455F71400BAE951 /* es.lproj */,
				CFB9DDFF1455F71400BAE951 /* icons */,
				CFB9DE061455F71400BAE951 /* splash */,
			);
			name = Resources;
			sourceTree = "<group>";
		};
		CFB9DDF71455F71400BAE951 /* en.lproj */ = {
			isa = PBXGroup;
			children = (
				CFB9DDF81455F71400BAE951 /* Localizable.strings */,
			);
			name = en.lproj;
			sourceTree = "<group>";
		};
		CFB9DDFB1455F71400BAE951 /* es.lproj */ = {
			isa = PBXGroup;
			children = (
				CFB9DDFC1455F71400BAE951 /* Localizable.strings */,
			);
			name = es.lproj;
			sourceTree = "<group>";
		};
		CFB9DDFF1455F71400BAE951 /* icons */ = {
			isa = PBXGroup;
			children = (
				CFB9DE001455F71400BAE951 /* icon.png */,
				CFB9DE021455F71400BAE951 /* icon@2x.png */,
				CFB9DE041455F71400BAE951 /* icon-72.png */,
			);
			name = icons;
			sourceTree = "<group>";
		};
		CFB9DE061455F71400BAE951 /* splash */ = {
			isa = PBXGroup;
			children = (
				CFB9DE4E1457311E00BAE951 /* iPadDefault.png */,
				CFB9DE271456118600BAE951 /* Rough.png */,
				CFB9DE071455F71400BAE951 /* Default.png */,
				CFB9DE091455F71400BAE951 /* Default@2x.png */,
			);
			name = splash;
			sourceTree = "<group>";
		};
		CFB9DE0F1455F71400BAE951 /* Classes */ = {
			isa = PBXGroup;
			children = (
				CFB9DE101455F71400BAE951 /* AppDelegate.h */,
				CFB9DE111455F71400BAE951 /* AppDelegate.m */,
			);
			name = Classes;
			sourceTree = "<group>";
		};
		CFB9DE131455F71400BAE951 /* Plugins */ = {
			isa = PBXGroup;
			children = (
				CFB9DE141455F71400BAE951 /* README */,
			);
			name = Plugins;
			sourceTree = "<group>";
		};
		CFB9DE331456167B00BAE951 /* Products */ = {
			isa = PBXGroup;
			children = (
				CFB9DE421456167C00BAE951 /* ObjectiveGit.framework */,
				CFB9DE441456167C00BAE951 /* Tests.app */,
				CFB9DE461456167C00BAE951 /* ObjectiveGit */,
				CFB9DE481456167C00BAE951 /* Tests-iOS.app */,
				CFB9DE4A1456167C00BAE951 /* libgit2-ios.a */,
				CFB9DE4C1456167C00BAE951 /* libgit2.a */,
			);
			name = Products;
			sourceTree = "<group>";
		};
/* End PBXGroup section */

/* Begin PBXNativeTarget section */
		CFB9DDCC1455F71300BAE951 /* GitHub Write-Up */ = {
			isa = PBXNativeTarget;
			buildConfigurationList = CFB9DE171455F71400BAE951 /* Build configuration list for PBXNativeTarget "GitHub Write-Up" */;
			buildPhases = (
				CFB9DDC61455F71300BAE951 /* Sources */,
				CFB9DDC71455F71300BAE951 /* Frameworks */,
				CFB9DDC81455F71300BAE951 /* Resources */,
				CFB9DDC91455F71300BAE951 /* Sources */,
				CFB9DDCA1455F71300BAE951 /* Frameworks */,
				CFB9DDCB1455F71300BAE951 /* ShellScript */,
			);
			buildRules = (
			);
			dependencies = (
			);
			name = "GitHub Write-Up";
			productName = "GitHub Write-Up";
			productReference = CFB9DDCD1455F71300BAE951 /* GitHub Write-Up.app */;
			productType = "com.apple.product-type.application";
		};
/* End PBXNativeTarget section */

/* Begin PBXProject section */
		CFB9DDC11455F71300BAE951 /* Project object */ = {
			isa = PBXProject;
			attributes = {
				LastUpgradeCheck = 0420;
			};
			buildConfigurationList = CFB9DDC41455F71300BAE951 /* Build configuration list for PBXProject "GitHub Write-Up" */;
			compatibilityVersion = "Xcode 3.2";
			developmentRegion = English;
			hasScannedForEncodings = 0;
			knownRegions = (
				en,
				es,
			);
			mainGroup = CFB9DDBF1455F71300BAE951;
			productRefGroup = CFB9DDCE1455F71300BAE951 /* Products */;
			projectDirPath = "";
			projectReferences = (
				{
					ProductGroup = CFB9DE331456167B00BAE951 /* Products */;
					ProjectRef = CFB9DE321456167B00BAE951 /* ObjectiveGitFramework.xcodeproj */;
				},
			);
			projectRoot = "";
			targets = (
				CFB9DDCC1455F71300BAE951 /* GitHub Write-Up */,
			);
		};
/* End PBXProject section */

/* Begin PBXReferenceProxy section */
		CFB9DE421456167C00BAE951 /* ObjectiveGit.framework */ = {
			isa = PBXReferenceProxy;
			fileType = wrapper.framework;
			path = ObjectiveGit.framework;
			remoteRef = CFB9DE411456167C00BAE951 /* PBXContainerItemProxy */;
			sourceTree = BUILT_PRODUCTS_DIR;
		};
		CFB9DE441456167C00BAE951 /* Tests.app */ = {
			isa = PBXReferenceProxy;
			fileType = wrapper.application;
			path = Tests.app;
			remoteRef = CFB9DE431456167C00BAE951 /* PBXContainerItemProxy */;
			sourceTree = BUILT_PRODUCTS_DIR;
		};
		CFB9DE461456167C00BAE951 /* ObjectiveGit */ = {
			isa = PBXReferenceProxy;
			fileType = archive.ar;
			path = ObjectiveGit;
			remoteRef = CFB9DE451456167C00BAE951 /* PBXContainerItemProxy */;
			sourceTree = BUILT_PRODUCTS_DIR;
		};
		CFB9DE481456167C00BAE951 /* Tests-iOS.app */ = {
			isa = PBXReferenceProxy;
			fileType = wrapper.application;
			path = "Tests-iOS.app";
			remoteRef = CFB9DE471456167C00BAE951 /* PBXContainerItemProxy */;
			sourceTree = BUILT_PRODUCTS_DIR;
		};
		CFB9DE4A1456167C00BAE951 /* libgit2-ios.a */ = {
			isa = PBXReferenceProxy;
			fileType = archive.ar;
			path = "libgit2-ios.a";
			remoteRef = CFB9DE491456167C00BAE951 /* PBXContainerItemProxy */;
			sourceTree = BUILT_PRODUCTS_DIR;
		};
		CFB9DE4C1456167C00BAE951 /* libgit2.a */ = {
			isa = PBXReferenceProxy;
			fileType = archive.ar;
			path = libgit2.a;
			remoteRef = CFB9DE4B1456167C00BAE951 /* PBXContainerItemProxy */;
			sourceTree = BUILT_PRODUCTS_DIR;
		};
/* End PBXReferenceProxy section */

/* Begin PBXResourcesBuildPhase section */
		CFB9DDC81455F71300BAE951 /* Resources */ = {
			isa = PBXResourcesBuildPhase;
			buildActionMask = 2147483647;
			files = (
				CFAB65EB145D94360060D387 /* Default-Landscape~ipad.png in Resources */,
				CFAB65E8145D940F0060D387 /* Default-Landscape.png in Resources */,
				CFAB65E9145D940F0060D387 /* Default-Portrait.png in Resources */,
				CFAB65E5145D829E0060D387 /* Default-Portrait~ipad.png in Resources */,
				CFB9DDF01455F71400BAE951 /* InfoPlist.strings in Resources */,
				CFB9DDFA1455F71400BAE951 /* Localizable.strings in Resources */,
				CFB9DDFE1455F71400BAE951 /* Localizable.strings in Resources */,
				CFB9DE011455F71400BAE951 /* icon.png in Resources */,
				CFB9DE031455F71400BAE951 /* icon@2x.png in Resources */,
				CFB9DE051455F71400BAE951 /* icon-72.png in Resources */,
				CFB9DE081455F71400BAE951 /* Default.png in Resources */,
				CFB9DE0A1455F71400BAE951 /* Default@2x.png in Resources */,
				CFB9DE0C1455F71400BAE951 /* Capture.bundle in Resources */,
				CFB9DE0E1455F71400BAE951 /* PhoneGap.plist in Resources */,
				CFB9DE251455FDC100BAE951 /* www in Resources */,
			);
			runOnlyForDeploymentPostprocessing = 0;
		};
/* End PBXResourcesBuildPhase section */

/* Begin PBXShellScriptBuildPhase section */
		CFB9DDCB1455F71300BAE951 /* ShellScript */ = {
			isa = PBXShellScriptBuildPhase;
			buildActionMask = 2147483647;
			files = (
			);
			inputPaths = (
			);
			outputPaths = (
			);
			runOnlyForDeploymentPostprocessing = 0;
			shellPath = /bin/bash;
			shellScript = "\n\t\t\t\t\t\t\t\tif [ ! -d \"$PROJECT_DIR/www\" ] ; then\n\t\t\t\t\t\t\t\t\tcp -R /Users/Shared/PhoneGap/Frameworks/PhoneGap.framework/www \"$PROJECT_DIR\"\n\t\t\t\t\t\t\t\tfi\n\t\t\t\t\t\t\t\t# detect www folder reference in project, if missing, print warning\n\t\t\t\t\t\t\t\tgrep \"{isa = PBXFileReference; lastKnownFileType = folder; path = www; sourceTree = \\\"<group>\\\"; };\" \"$PROJECT_DIR/$PROJECT_NAME.xcodeproj/project.pbxproj\"\n\t\t\t\t\t\t\t\trc=$? \n\t\t\t\t\t\t\t\tif [ $rc != 0 ] ; then\n\t\t\t\t\t\t\t\techo -e \"warning: Missing - Add $PROJECT_DIR/www as a folder reference in your project. Just drag and drop the folder into your project, in Xcode 4.\" 1>&2\n\t\t\t\t\t\t\t\tfi\t\t\t\t\t\t\t";
		};
/* End PBXShellScriptBuildPhase section */

/* Begin PBXSourcesBuildPhase section */
		CFB9DDC61455F71300BAE951 /* Sources */ = {
			isa = PBXSourcesBuildPhase;
			buildActionMask = 2147483647;
			files = (
				CFB9DDF21455F71400BAE951 /* main.m in Sources */,
				CFB9DE121455F71400BAE951 /* AppDelegate.m in Sources */,
			);
			runOnlyForDeploymentPostprocessing = 0;
		};
		CFB9DDC91455F71300BAE951 /* Sources */ = {
			isa = PBXSourcesBuildPhase;
			buildActionMask = 2147483647;
			files = (
			);
			runOnlyForDeploymentPostprocessing = 0;
		};
/* End PBXSourcesBuildPhase section */

/* Begin PBXVariantGroup section */
		CFB9DDEE1455F71400BAE951 /* InfoPlist.strings */ = {
			isa = PBXVariantGroup;
			children = (
				CFB9DDEF1455F71400BAE951 /* en */,
			);
			name = InfoPlist.strings;
			sourceTree = "<group>";
		};
		CFB9DDF81455F71400BAE951 /* Localizable.strings */ = {
			isa = PBXVariantGroup;
			children = (
				CFB9DDF91455F71400BAE951 /* en */,
			);
			name = Localizable.strings;
			sourceTree = "<group>";
		};
		CFB9DDFC1455F71400BAE951 /* Localizable.strings */ = {
			isa = PBXVariantGroup;
			children = (
				CFB9DDFD1455F71400BAE951 /* es */,
			);
			name = Localizable.strings;
			sourceTree = "<group>";
		};
/* End PBXVariantGroup section */

/* Begin XCBuildConfiguration section */
		CFB9DE151455F71400BAE951 /* Debug */ = {
			isa = XCBuildConfiguration;
			buildSettings = {
				ALWAYS_SEARCH_USER_PATHS = NO;
				ARCHS = "$(ARCHS_STANDARD_32_BIT)";
				CLANG_ENABLE_OBJC_ARC = NO;
				"CODE_SIGN_IDENTITY[sdk=iphoneos*]" = "iPhone Developer";
				COPY_PHASE_STRIP = NO;
				GCC_C_LANGUAGE_STANDARD = gnu99;
				GCC_DYNAMIC_NO_PIC = NO;
				GCC_OPTIMIZATION_LEVEL = 0;
				GCC_PREPROCESSOR_DEFINITIONS = (
					"DEBUG=1",
					"$(inherited)",
				);
				GCC_SYMBOLS_PRIVATE_EXTERN = NO;
				GCC_VERSION = com.apple.compilers.llvmgcc42;
				GCC_WARN_ABOUT_MISSING_PROTOTYPES = YES;
				GCC_WARN_ABOUT_RETURN_TYPE = YES;
				GCC_WARN_UNUSED_VARIABLE = YES;
				IPHONEOS_DEPLOYMENT_TARGET = 3.1;
				SDKROOT = iphoneos;
			};
			name = Debug;
		};
		CFB9DE161455F71400BAE951 /* Release */ = {
			isa = XCBuildConfiguration;
			buildSettings = {
				ALWAYS_SEARCH_USER_PATHS = NO;
				ARCHS = "$(ARCHS_STANDARD_32_BIT)";
				CLANG_ENABLE_OBJC_ARC = NO;
				"CODE_SIGN_IDENTITY[sdk=iphoneos*]" = "iPhone Developer";
				COPY_PHASE_STRIP = YES;
				GCC_C_LANGUAGE_STANDARD = gnu99;
				GCC_VERSION = com.apple.compilers.llvmgcc42;
				GCC_WARN_ABOUT_MISSING_PROTOTYPES = YES;
				GCC_WARN_ABOUT_RETURN_TYPE = YES;
				GCC_WARN_UNUSED_VARIABLE = YES;
				IPHONEOS_DEPLOYMENT_TARGET = 3.1;
				SDKROOT = iphoneos;
				VALIDATE_PRODUCT = YES;
			};
			name = Release;
		};
		CFB9DE181455F71400BAE951 /* Debug */ = {
			isa = XCBuildConfiguration;
			buildSettings = {
				ALWAYS_SEARCH_USER_PATHS = YES;
				COPY_PHASE_STRIP = NO;
				FRAMEWORK_SEARCH_PATHS = /Users/Shared/PhoneGap/Frameworks;
				GCC_DYNAMIC_NO_PIC = NO;
				GCC_PRECOMPILE_PREFIX_HEADER = YES;
				GCC_PREFIX_HEADER = "GitHub Write-Up/GitHub Write-Up-Prefix.pch";
				GCC_PREPROCESSOR_DEFINITIONS = "PHONEGAP_FRAMEWORK=YES";
				GCC_VERSION = com.apple.compilers.llvm.clang.1_0;
				INFOPLIST_FILE = "GitHub Write-Up/GitHub Write-Up-Info.plist";
				IPHONEOS_DEPLOYMENT_TARGET = 4.0;
				PRODUCT_NAME = "$(TARGET_NAME)";
				TARGETED_DEVICE_FAMILY = "1,2";
				WRAPPER_EXTENSION = app;
			};
			name = Debug;
		};
		CFB9DE191455F71400BAE951 /* Release */ = {
			isa = XCBuildConfiguration;
			buildSettings = {
				ALWAYS_SEARCH_USER_PATHS = YES;
				COPY_PHASE_STRIP = YES;
				DEBUG_INFORMATION_FORMAT = "dwarf-with-dsym";
				FRAMEWORK_SEARCH_PATHS = /Users/Shared/PhoneGap/Frameworks;
				GCC_PRECOMPILE_PREFIX_HEADER = YES;
				GCC_PREFIX_HEADER = "GitHub Write-Up/GitHub Write-Up-Prefix.pch";
				GCC_PREPROCESSOR_DEFINITIONS = "PHONEGAP_FRAMEWORK=YES";
				GCC_VERSION = com.apple.compilers.llvm.clang.1_0;
				INFOPLIST_FILE = "GitHub Write-Up/GitHub Write-Up-Info.plist";
				IPHONEOS_DEPLOYMENT_TARGET = 4.0;
				PRODUCT_NAME = "$(TARGET_NAME)";
				TARGETED_DEVICE_FAMILY = "1,2";
				VALIDATE_PRODUCT = YES;
				WRAPPER_EXTENSION = app;
			};
			name = Release;
		};
/* End XCBuildConfiguration section */

/* Begin XCConfigurationList section */
		CFB9DDC41455F71300BAE951 /* Build configuration list for PBXProject "GitHub Write-Up" */ = {
			isa = XCConfigurationList;
			buildConfigurations = (
				CFB9DE151455F71400BAE951 /* Debug */,
				CFB9DE161455F71400BAE951 /* Release */,
			);
			defaultConfigurationIsVisible = 0;
			defaultConfigurationName = Release;
		};
		CFB9DE171455F71400BAE951 /* Build configuration list for PBXNativeTarget "GitHub Write-Up" */ = {
			isa = XCConfigurationList;
			buildConfigurations = (
				CFB9DE181455F71400BAE951 /* Debug */,
				CFB9DE191455F71400BAE951 /* Release */,
			);
			defaultConfigurationIsVisible = 0;
			defaultConfigurationName = Release;
		};
/* End XCConfigurationList section */
	};
	rootObject = CFB9DDC11455F71300BAE951 /* Project object */;
}
